
Microsoft Visual Studio Solution File, Format Version 12.00
# Visual Studio Version 17
VisualStudioVersion = 17.9.34723.18
MinimumVisualStudioVersion = 10.0.40219.1
Project("{FAE04EC0-301F-11D3-BF4B-00C04F79EFBC}") = "TruckTracking", "TruckTracking.csproj", "{022B7C62-76E5-47B6-BA65-448AA9BE3821}"
EndProject
Global
	GlobalSection(SolutionConfigurationPlatforms) = preSolution
		Debug|Any CPU = Debug|Any CPU
		Release|Any CPU = Release|Any CPU
	EndGlobalSection
	GlobalSection(ProjectConfigurationPlatforms) = postSolution
		{022B7C62-76E5-47B6-BA65-448AA9BE3821}.Debug|Any CPU.ActiveCfg = Debug|Any CPU
		{022B7C62-76E5-47B6-BA65-448AA9BE3821}.Debug|Any CPU.Build.0 = Debug|Any CPU
		{022B7C62-76E5-47B6-BA65-448AA9BE3821}.Release|Any CPU.ActiveCfg = Release|Any CPU
		{022B7C62-76E5-47B6-BA65-448AA9BE3821}.Release|Any CPU.Build.0 = Release|Any CPU
	EndGlobalSection
	GlobalSection(SolutionProperties) = preSolution
		HideSolutionNode = FALSE
	EndGlobalSection
	GlobalSection(ExtensibilityGlobals) = postSolution
		SolutionGuid = {BCAFA8BC-750F-4AD0-A1F1-FE6EBF1476FB}
	EndGlobalSection
EndGlobal
